lockfileVersion: '9.0'

settings:
  autoInstallPeers: true
  excludeLinksFromLockfile: false

importers:

  .:
    dependencies:
      '@navikt/aksel-icons':
        specifier: 8.15.0
        version: 8.15.0
      '@navikt/ds-css':
        specifier: 8.15.0
        version: 8.15.0
      '@navikt/ds-react':
        specifier: 8.15.0
        version: 8.15.0(@types/react@19.3.0)(react-dom@19.3.0(react@19.3.0))(react@19.3.0)
      '@navikt/oasis':
        specifier: 4.1.1
        version: 4.1.1
      '@slack/web-api':
        specifier: ^8.2.0
        version: 8.2.0
      next:
        specifier: ^16.2.10
        version: 16.3.8(@opentelemetry/api@1.9.1)(react-dom@19.3.0(react@19.3.0))(react@19.3.0)
      pg:
        specifier: ^8.23.1
        version: 8.23.1
      react:
        specifier: ^19.2.7
        version: 19.3.0
      react-dom:
        specifier: ^19.2.7
        version: 19.3.0(react@19.3.0)
    devDependencies:
      '@types/node':
        specifier: ^26.1.1
        version: 26.6.3
      '@types/pg':
        specifier: ^8.23.1
        version: 8.23.1
      '@types/react':
        specifier: ^19.2.17
        version: 19.3.0
      '@types/react-dom':
        specifier: ^19.2.3
        version: 19.3.0(@types/react@19.3.0)
      typescript:
        specifier: ^6.0.3
        version: 6.0.3

packages:

  '@date-fns/tz@1.5.0':
    resolution: {integrity: sha512-lwYN/vDPeNRULcepoE/LO2Pgx+7/RV+S9ARfbc9lr2DtGkOD7pAiruHvbR1RX3Qyf6ja47EWJDMsNK5vK08DJg==}

  '@floating-ui/core@1.8.0':
    resolution: {integrity: sha512-0CIZ5itps/8x7BG8dEIhs53BvCUH2PCoogtakwRTut+Arm58sJooJ0AuZhLw2HJYIR5cMLNPBSS728sPho2khQ==}

  '@floating-ui/dom@1.8.0':
    resolution: {integrity: sha512-yXSrzeHZBTZadLOlfyhCkJHNeLJnHRnRInwdZ40L7ZiaAtrBwoYlsDrX3v5zB1Utk7CLfzcOVnVVWoXEky7Ceg==}

  '@floating-ui/react-dom@2.1.9':
    resolution: {integrity: sha512-JDjEFGCpImxDCA7JJKviA0M9+RtmJdj0m/NVU5IMgBK+AmZouAQQ7/+2GLH0GXXY0YMw9oXPB8hKdbPYg5QLYg==}
    peerDependencies:
      react: '>=16.8.0'
      react-dom: '>=16.8.0'

  '@floating-ui/react@0.27.19':
    resolution: {integrity: sha512-31B8h5mm8YxotlE7/AU/PhNAl8eWxAmjL/v2QOxroDNkTFLk3Uu82u63N3b6TXa4EGJeeZLVcd/9AlNlVqzeog==}
    peerDependencies:
      react: '>=17.0.0'
      react-dom: '>=17.0.0'

  '@floating-ui/utils@0.2.12':
    resolution: {integrity: sha512-HpCo8tmWzLVad5s2d19EhAz5zqrrQ6s69qd6moPMQvkOuSwDT1YgRfWSVuc4ennqrgv3OHppiOGMQ7oC13yIww==}

  '@navikt/aksel-icons@8.15.0':
    resolution: {integrity: sha512-+A/jWvZaMWkuG0SiG2GdJK0rlLTi/EIccV/3ax+y2hI9CmIqDzyUR9yflr24Q9wy2xwKY212kfrphSnVy1Zgiw==, tarball: https://npm.pkg.github.com/download/@navikt/aksel-icons/8.15.0/c8e11e3fe44d081727f36ec526b05f36859b8c4e}

  '@navikt/ds-css@8.15.0':
    resolution: {integrity: sha512-eRrXG4qZ90M/SLp40URG81TWDXP7RTAYec5QdYMfJ/P55ahXBFI1fm2EyjWDGpEldGBOEdr/wPq57m6x01gcnA==, tarball: https://npm.pkg.github.com/download/@navikt/ds-css/8.15.0/7241ddaf993ca7e42a23cdcfd6cb716c9105bb6e}

  '@navikt/ds-react@8.15.0':
    resolution: {integrity: sha512-eArtTiUnPIlFMsuLdUUtyF4m5GtpiKzCNKBQXuSJ0glNRPROUYP4wXdGwGknYnhG+R/JIbjbf9u69laIRPxfNA==, tarball: https://npm.pkg.github.com/download/@navikt/ds-react/8.15.0/b28729a9b637f8853bdb1239c4fa4d3f992d3e35}
    peerDependencies:
      '@types/react': ^17.0.30 || ^18 || ^19
      react: ^17 || ^18 || ^19
      react-dom: ^17 || ^18 || ^19

  '@navikt/ds-tokens@8.16.2':
    resolution: {integrity: sha512-WXtLRb034uUN1SUBEg+AYUrAu0zm+P0xuUheIWABEDpWnVGmfXDng7lIW5JDFbut3rQIa1xfzvUfeL3ghc4eng==, tarball: https://npm.pkg.github.com/download/@navikt/ds-tokens/8.16.2/a22ed996203e7730664ed43d7025c68609c937a8}

  '@navikt/oasis@4.1.1':
    resolution: {integrity: sha512-WNAoUvK9z098/4lFzAD/09Q0Oz+Hf2mTTN8iAVi62xUgEXryq3am3t82cVfi3YttDKPrYrsrkEo8bJnte8qxbg==, tarball: https://npm.pkg.github.com/download/@navikt/oasis/4.1.1/970a0555b93c862b7c7b0919349f48fc8e7de53c}
    engines: {node: ^20.19.0 || >= 22.12.0 || 24.x || 25.x}

  '@navikt/texas@4.1.4':
    resolution: {integrity: sha512-WS+agfWCqHyCtIpn/iQHNBRwn1gzCQDe0NY9Tz5ErrBsWHNxtqIV7W2eAmRUa3DLrZGHczoQhup+PYT6UX/SpQ==, tarball: https://npm.pkg.github.com/download/@navikt/texas/4.1.4/1725aca0fa0b803e0048212c3e202d24c10f3c3b}
    engines: {node: ^20.19.0 || >= 22.12.0 || 24.x || 25.x}

  '@next/env@16.3.8':
    resolution: {integrity: sha512-Al9zqHVV7TJv0eFuOU4U7Lvv74PTih4Ch63sk2xCIpSTkE3udFnaOcnzP2lQVymiL7yS9Cj2iClUXlR3EQ5sEw==}

  '@next/swc-darwin-arm64@16.3.8':
    resolution: {integrity: sha512-2JPRMh2nmQG5CiL7cXGL9AGwnPWJQ//cTtAUCT+w511QHk79SYz3LGv/pc5X643B/WEO0rvu3Yww0hqwt3kgeA==}
    engines: {node: '>= 10'}
    cpu: [arm64]
    os: [darwin]

  '@next/swc-darwin-x64@16.3.8':
    resolution: {integrity: sha512-GZtCCOBKJ4leVIT/Th0llWKhD1ca92lzbQiS5R5ON9QkoiFnilFsebDae1JU2a3HWoKMEmEZWGs1AGLavVM72Q==}
    engines: {node: '>= 10'}
    cpu: [x64]
    os: [darwin]

  '@next/swc-linux-arm64-gnu@16.3.8':
    resolution: {integrity: sha512-O659ygeQYqneJ1fBKMpFxIFqYkYswu8IAS1OCKK/4f3ZgJJm1dRz4fVJZRi/kLLWjnBKnebOePA4WNv+sV1pVA==}
    engines: {node: '>= 10'}
    cpu: [arm64]
    os: [linux]
    libc: [glibc]

  '@next/swc-linux-arm64-musl@16.3.8':
    resolution: {integrity: sha512-dSjKSyWpzxoO1d3DIZZcP4XJcNaKeLmxQMFOiYl5vuBRMmweIqnAhty8tAmRsvTss779cK1FtYnDMj40e4TQlg==}
    engines: {node: '>= 10'}
    cpu: [arm64]
    os: [linux]
    libc: [musl]

  '@next/swc-linux-x64-gnu@16.3.8':
    resolution: {integrity: sha512-lbqOuz3RPRcv+o9msNsJw5x4+Y1ZwPTs6vmL6DCf7i0fZfvng/F59wyeDwqHIvV0mK//RBy/jJkZ+nCKsSMXjQ==}
    engines: {node: '>= 10'}
    cpu: [x64]
    os: [linux]
    libc: [glibc]

  '@next/swc-linux-x64-musl@16.3.8':
    resolution: {integrity: sha512-+316WswI8ScVgZeUd+1KGaXkHhaYQzCjvH/05TZSpJ8zBizb1a4G7DtO7F12jcBIqMOtsz9ji1t48fmKtzqsGA==}
    engines: {node: '>= 10'}
    cpu: [x64]
    os: [linux]
    libc: [musl]

  '@next/swc-win32-arm64-msvc@16.3.8':
    resolution: {integrity: sha512-ji0gd4kMYUxO+1fJBIbiBVRCjzG/lloiyCccnlebvb1ZJ5qXCPZqYg4Jl1DrrixnWNMKylzgpmMWx0yNDYXlzw==}
    engines: {node: '>= 10'}
    cpu: [arm64]
    os: [win32]

  '@next/swc-win32-x64-msvc@16.3.8':
    resolution: {integrity: sha512-WcTlaKt/TWkh5kUjdJcUmB1XgZ+1c6fz4Y9fDHL73YNSdGaUWjceeWrrlwF0nv19iABYWC4iAq1oX1w4Bn0vfg==}
    engines: {node: '>= 10'}
    cpu: [x64]
    os: [win32]

  '@opentelemetry/api@1.9.1':
    resolution: {integrity: sha512-gLyJlPHPZYdAk1JENA9LeHejZe1Ti77/pTeFm/nMXmQH/HFZlcS/O2XJB+L8fkbrNSqhdtlvjBVjxwUYanNH5Q==}
    engines: {node: '>=8.0.0'}

  '@slack/logger@5.0.0':
    resolution: {integrity: sha512-VGXhmmgsAo9shdQYh4tFDndd+7nsgp0Y5h0UPDaUp8K359pBasI6YdkMqFW3mCOxLQkq09qj7o7cq6f3DuXcJQ==}
    engines: {node: '>= 20', npm: '>=9.6.4'}

  '@slack/types@3.2.0':
    resolution: {integrity: sha512-IN4gdtlzQt8UJoj+1v+qAHeR4TxHO0KMlIs841SFfDQAcFFnsrWaGsEAE4goxVt8O/JOAFaGGdrFTzhNBop/Fg==}
    engines: {node: '>= 20', npm: '>=9.6.4'}

  '@slack/web-api@8.2.0':
    resolution: {integrity: sha512-bIW8/8BLD/HLuHLIA2LfA7AhSokzui4swCbMJuwoRJxn/kzHVla6YEKLvN1nCFHK/DfX7g+4Wj3ess/ZSh/tWQ==}
    engines: {node: '>= 20', npm: '>=9.6.4'}

  '@swc/helpers@0.5.23':
    resolution: {integrity: sha512-5lSsMOTXURePglDfvuAQUqkGek9Hg2kksOYay2m0+XR++b2NWYL/4sWyuvVBIs8oKnJaxkdi9whaL/sqN13afw==}

  '@tabby_ai/hijri-converter@1.0.5':
    resolution: {integrity: sha512-r5bClKrcIusDoo049dSL8CawnHR6mRdDwhlQuIgZRNty68q0x8k3Lf1BtPAMxRf/GgnHBnIO4ujd3+GQdLWzxQ==}
    engines: {node: '>=16.0.0'}

  '@types/node@26.6.3':
    resolution: {integrity: sha512-dsqMQQoeTLqu9wynDD00q573mNzso3IdQOAfHRJqLCcmCFPoGo9A1bDpUcv/9tnKpErQWv9uKeGfl37EIS02Yg==}

  '@types/pg@8.23.1':
    resolution: {integrity: sha512-fKVHpikPdg4GKks3JuLEhvwSyvwzF23hnabPy6DD8ljVbC7+6J5dQzdv4arV6jqq57djnMgs1HKBxX4P8aBI3A==}

  '@types/react-dom@19.3.0':
    resolution: {integrity: sha512-ZI7bU42mZXXKHn/qNLEw2IrbiINU7X5+vfgdixBHkCNpYWXjKgfQ/P+uyGb5CjOLB9UcnTeg3rylQtV2hym44Q==}
    peerDependencies:
      '@types/react': ^19.3.0

  '@types/react@19.3.0':
    resolution: {integrity: sha512-N0rFCuH9YoxG9/m61l9MfpJKfmLOVU0em7ipIz6TRgSSkvReLB9vL85GB+yr8Bs5leqpvg96JSwF4ZS1s4viQg==}

  '@types/retry@0.12.0':
    resolution: {integrity: sha512-wWKOClTTiizcZhXnPY4wikVAwmdYHp8q6DmC+EJUzAMsycb7HB32Kh9RN4+0gExjmPmZSAQjgURXIGATPegAvA==}

  '@types/retry@0.12.5':
    resolution: {integrity: sha512-3xSjTp3v03X/lSQLkczaN9UIEwJMoMCA1+Nb5HfbJEQWogdeQIyVtTvxPXDQjZ5zws8rFQfVfRdz03ARihPJgw==}

  baseline-browser-mapping@2.11.26:
    resolution: {integrity: sha512-GLQdD3y6UF8iVuMJl5fHgE4jdn/ua7n+toKfLgNlg3BqQtOZjpy68T8Tup8/wGWZCDlm7KMg7tPb4MPn7oN0TQ==}
    engines: {node: '>=6.0.0'}
    hasBin: true

  bintrees@1.0.2:
    resolution: {integrity: sha512-VOMgTMwjAaUG580SXn3LacVgjurrbMme7ZZNYGSSV7mmtY6QQRh0Eg3pwIcntQ77DErK1L0NxkbetjcoXzVwKw==}

  caniuse-lite@1.0.30001814:
    resolution: {integrity: sha512-/Uaf1lAzr59XcMpW0o96WoEfr+VXK2OX4U9AgFoiSHsVJ4HppnIFUjtYzsyDH2+tgANaQb2/oxYGwCPapN1FpA==}

  client-only@0.0.1:
    resolution: {integrity: sha512-IV3Ou0jSMzZrd3pZ48nLkT9DA7Ag1pnPzaiQhpW7c3RbcqqzvzzVu+L8gfqMp/8IM2MQtSiqaCxrrcfu8I8rMA==}

  csstype@3.2.3:
    resolution: {integrity: sha512-z1HGKcYy2xA8AGQfwrn0PAy+PB7X/GSj3UVJW9qKyn43xWa+gl5nXmU4qqLMRzWVLFC8KusUX8T/0kCiOYpAIQ==}

  date-fns-jalali@4.1.0-0:
    resolution: {integrity: sha512-hTIP/z+t+qKwBDcmmsnmjWTduxCg+5KfdqWQvb2X/8C9+knYY6epN/pfxdDuyVlSVeFz0sM5eEfwIUQ70U4ckg==}

  date-fns@4.4.0:
    resolution: {integrity: sha512-+1UMbeh68lH1SegH83CGWwpb6OHHbpSgr3+s5Eww5M4CAgswBpoWS0AjTOfEJ33HiYKz1hdj/KTFprzXHmq/6w==}

  eventemitter3@4.0.7:
    resolution: {integrity: sha512-8guHBZCwKnFhYdHr2ysuRWErTwhoN2X8XELRlrRwpmfeY2jjuUN4taQMsULKUVo1K4DvZl+0pgfyoysHxvmvEw==}

  eventemitter3@5.0.4:
    resolution: {integrity: sha512-mlsTRyGaPBjPedk6Bvw+aqbsXDtoAyAzm5MO7JgU+yVRyMQ5O8bD4Kcci7BS85f93veegeCPkL8R4GLClnjLFw==}

  jose@6.2.12:
    resolution: {integrity: sha512-9NiFmJEex0sy2Dk58j2UGBSHgUs2ypF9eZSu4L6vjOX3Dp96Sw1F3uL+H+D1sx02jZZdzUT0HgvCy59CuvXcWw==}

  nanoid@3.3.19:
    resolution: {integrity: sha512-Y2tUNy4ouw6tq5oDSKeQYGOyhkUBhNOcGV/02KC+6kd9eDGqdZd++mjMiIDilrBYvjEnCYvVtsuHCuP+okSfug==}
    engines: {node: ^10 || ^12 || ^13.7 || ^14 || >=15.0.1}
    hasBin: true

  next@16.3.8:
    resolution: {integrity: sha512-U7QEZaTini6wKrb8A8hqLLqYQyCetegKjCpJOyxk642vWoMoU1x5PyZCJFvgYgiptA8xc5j/9xYlZFO7w9Sjmw==}
    engines: {node: '>=20.9.0'}
    hasBin: true
    peerDependencies:
      '@opentelemetry/api': ^1.1.0
      '@playwright/test': ^1.51.1
      babel-plugin-react-compiler: '*'
      react: ^18.2.0 || 19.0.0-rc-de68d2f4-20241204 || ^19.0.0
      react-dom: ^18.2.0 || 19.0.0-rc-de68d2f4-20241204 || ^19.0.0
      sass: ^1.3.0
    peerDependenciesMeta:
      '@opentelemetry/api':
        optional: true
      '@playwright/test':
        optional: true
      babel-plugin-react-compiler:
        optional: true
      sass:
        optional: true

  p-finally@1.0.0:
    resolution: {integrity: sha512-LICb2p9CB7FS+0eR1oqWnHhp0FljGLZCWBE9aix0Uye9W8LTQPwMTYVGWQWIw9RdQiDg4+epXQODwIYJtSJaow==}
    engines: {node: '>=4'}

  p-queue@6.6.2:
    resolution: {integrity: sha512-RwFpb72c/BhQLEXIZ5K2e+AhgNVmIejGlTgiB9MzZ0e93GRvqZ7uSi0dvRF7/XIXDeNkra2fNHBxTyPDGySpjQ==}
    engines: {node: '>=8'}

  p-retry@4.6.2:
    resolution: {integrity: sha512-312Id396EbJdvRONlngUx0NydfrIQ5lsYu0znKVUzVvArzEIt08V1qhtyESbGVd1FGX7UKtiFp5uwKZdM8wIuQ==}
    engines: {node: '>=8'}

  p-timeout@3.2.0:
    resolution: {integrity: sha512-rhIwUycgwwKcP9yTOOFK/AKsAopjjCakVqLHePO3CC6Mir1Z99xT+R63jZxAT5lFZLa2inS5h+ZS2GvR99/FBg==}
    engines: {node: '>=8'}

  pg-cloudflare@1.4.1:
    resolution: {integrity: sha512-6PQbsFWZcp9EmJEwy5cGQ2La+AMWpP46lgbb8X+U/XsHIUweYDNCpeuKck5RxL2MdVFi7krbbEi5nX4Zh7JhrQ==}

  pg-connection-string@2.14.1:
    resolution: {integrity: sha512-qR3kGNPBLpCNtz0evbKA0Y/MRFXwSSdT+pTJvYp/bXTcReZbvX1kzF0IyTc1QnxqF7AZbOeBhNL8R5mYQZV/MA==}

  pg-int8@1.0.1:
    resolution: {integrity: sha512-WCtabS6t3c8SkpDBUlb1kjOs7l66xsGdKpIPZsg4wR+B3+u9UAum2odSsF9tnvxg80h4ZxLWMy4pRjOsFIqQpw==}
    engines: {node: '>=4.0.0'}

  pg-pool@3.14.0:
    resolution: {integrity: sha512-gKtPkFdQPU3DksooVLi9LsjZxrsBUZIpa+7aVx+LV5pNh0KzP4Zleud2po+ConrxbuXGBJ6Hfer6hdgpIBpBaw==}
    peerDependencies:
      pg: '>=8.0'

  pg-protocol@1.16.1:
    resolution: {integrity: sha512-p9VOFMiHB/ZbJATetbg+99PxssTVSQRnyuPSQ67mN1+1KBOjZaZ83ZQzltnxPhJwSsC3nwVjJ10DVJlerbFzLg==}

  pg-types@2.2.0:
    resolution: {integrity: sha512-qTAAlrEsl8s4OiEQY69wDvcMIdQN6wdz5ojQiOy6YRMuynxenON0O5oCpJI6lshc6scgAY8qvJ2On/p+CXY0GA==}
    engines: {node: '>=4'}

  pg@8.23.1:
    resolution: {integrity: sha512-aL96AHANtWjPLDOLqnhx+ngp9+UK7ETEU8VJrDCGvsSSi/mGLcWYsS6Herg7lmaBJe4uwrfqsa7gTEFaSizDoQ==}
    engines: {node: '>= 16.0.0'}
    peerDependencies:
      pg-native: '>=3.0.1'
    peerDependenciesMeta:
      pg-native:
        optional: true

  pgpass@1.0.5:
    resolution: {integrity: sha512-FdW9r/jQZhSeohs1Z3sI1yxFQNFvMcnmfuj4WBMUTxOrAyLMaTcE1aAMBiTlbMNaXvBCQuVi0R7hd8udDSP7ug==}

  picocolors@1.1.1:
    resolution: {integrity: sha512-xceH2snhtb5M9liqDsmEw56le376mTZkEX/jEb/RxNFyegNul7eNslCXP9FDj/Lcu0X8KEyMceP2ntpaHrDEVA==}

  postcss@8.5.23:
    resolution: {integrity: sha512-g50586zr4bZmwFiTlflMu8E0bDTb5I5gertgwAKmsdUlTQIhZtunzUlD1WSzwcVWPoAVpsrA6vlfCD7oXvRwgg==}
    engines: {node: ^10 || ^12 || >=14}

  postgres-array@2.0.0:
    resolution: {integrity: sha512-VpZrUqU5A69eQyW2c5CA1jtLecCsN2U/bD6VilrFDWq5+5UIEVO7nazS3TEcHf1zuPYO/sqGvUvW62g86RXZuA==}
    engines: {node: '>=4'}

  postgres-bytea@1.0.1:
    resolution: {integrity: sha512-5+5HqXnsZPE65IJZSMkZtURARZelel2oXUEO8rH83VS/hxH5vv1uHquPg5wZs8yMAfdv971IU+kcPUczi7NVBQ==}
    engines: {node: '>=0.10.0'}

  postgres-date@1.0.7:
    resolution: {integrity: sha512-suDmjLVQg78nMK2UZ454hAG+OAW+HQPZ6n++TNDUX+L0+uUlLywnoxJKDou51Zm+zTCjrCl0Nq6J9C5hP9vK/Q==}
    engines: {node: '>=0.10.0'}

  postgres-interval@1.2.0:
    resolution: {integrity: sha512-9ZhXKM/rw350N1ovuWHbGxnGh/SNJ4cnxHiM0rxE4VN41wsg8P8zWn9hv/buK00RP4WvlOyr/RBDiptyxVbkZQ==}
    engines: {node: '>=0.10.0'}

  prom-client@15.1.3:
    resolution: {integrity: sha512-6ZiOBfCywsD4k1BN9IX0uZhF+tJkV8q8llP64G5Hajs4JOeVLPCwpPVcpXy3BwYiUGgyJzsJJQeOIv7+hDSq8g==}
    engines: {node: ^16 || ^18 || >=20}
    deprecated: prom-client has been replaced by @prometheus-io/client

  react-day-picker@9.14.0:
    resolution: {integrity: sha512-tBaoDWjPwe0M5pGrum4H0SR6Lyk+BO9oHnp9JbKpGKW2mlraNPgP9BMfsg5pWpwrssARmeqk7YBl2oXutZTaHA==}
    engines: {node: '>=18'}
    peerDependencies:
      react: '>=16.8.0'

  react-dom@19.3.0:
    resolution: {integrity: sha512-JDk8dgif51OjFoDE70+OT9ICyYr+69HlmihNwp1+Nsfbna3t5sIiCa9ZJktDmQ4/1b/rn26hIAR2uYXDMr5r0Q==}
    peerDependencies:
      react: ^19.3.0

  react@19.3.0:
    resolution: {integrity: sha512-E8LUcbtBWt20bbl2YoHfx4ZDBdxVTfOKtCZn9cDSJ4l6/nuoApcpIBcj47t2wZoVX8g2ZHuMHbiShgCR1T5Sog==}
    engines: {node: '>=0.10.0'}

  retry@0.13.1:
    resolution: {integrity: sha512-XQBQ3I8W1Cge0Seh+6gjj03LbmRFWuoszgK9ooCpwYIrhhoO80pfq4cUkU5DkknwfOfFteRwlZ56PYOGYyFWdg==}
    engines: {node: '>= 4'}

  scheduler@0.28.0:
    resolution: {integrity: sha512-juorfCmIkIw8tT+p5BXSm6PJjQF/ycEYmKyzURCIt/RaZIhL+PulbQ9Yu2z1HdOJDdqDTlxA1+xKBmHXJsczAw==}

  source-map-js@1.2.2:
    resolution: {integrity: sha512-KGj/8Y43x35aZVDtt+J4mK1hoLGHULMYfSkODJNQjNDC3oW1PqPoxMwo0pLUsWM/UEGzON/NxeHywEfNXNP3Vw==}
    engines: {node: '>=0.10.0'}

  split2@4.2.0:
    resolution: {integrity: sha512-UcjcJOWknrNkF6PLX83qcHM6KHgVKNkV62Y8a5uYDVv9ydGQVwAHMKqHdJje1VTWpljG0WYpCDhrCdAOYH4TWg==}
    engines: {node: '>= 10.x'}

  styled-jsx@5.1.6:
    resolution: {integrity: sha512-qSVyDTeMotdvQYoHWLNGwRFJHC+i+ZvdBRYosOFgC+Wg1vx4frN2/RG/NA7SYqqvKNLf39P2LSRA2pu6n0XYZA==}
    engines: {node: '>= 12.0.0'}
    peerDependencies:
      '@babel/core': '*'
      babel-plugin-macros: '*'
      react: '>= 16.8.0 || 17.x.x || ^18.0.0-0 || ^19.0.0-0'
    peerDependenciesMeta:
      '@babel/core':
        optional: true
      babel-plugin-macros:
        optional: true

  tabbable@6.5.0:
    resolution: {integrity: sha512-wieBHXygIm7OyQOu5hQlkk62/WyCFYGlWg7L6/ZCUZwx0o398Zkn4pVmMyfYhfMG8kGrj/Krt8eIk6UKC6VzwA==}

  tdigest@0.1.3:
    resolution: {integrity: sha512-zbRt+lT+/H4fRItHshczHErVCQnitJk8MfMT24MqFJf3YL7SJJPqGIGeuOdvxXxM/AHFzKBl7WoyaYwqO9s3Kw==}

  tslib@2.8.1:
    resolution: {integrity: sha512-oJFu94HQb+KVduSUQL7wnpmqnfmLsOA/nAh6b6EH0wCEoK0/mPeXU6c3wKDV83MkOuHPRHtSXKKU99IBazS/2w==}

  typescript@6.0.3:
    resolution: {integrity: sha512-y2TvuxSZPDyQakkFRPZHKFm+KKVqIisdg9/CZwm9ftvKXLP8NRWj38/ODjNbr43SsoXqNuAisEf1GdCxqWcdBw==}
    engines: {node: '>=14.17'}
    hasBin: true

  undici-types@8.9.0:
    resolution: {integrity: sha512-KTDyRTYX8sWmKXAikPHHSyc63CRPETMctyjKFupcC6OBLXT3xsN0e9aF7m+mIXutFWpUXuedtowG7iLOzp0kQg==}

  xtend@4.0.2:
    resolution: {integrity: sha512-LKYU1iAXJXUgAXn9URjiu+MWhyUXHsvfp7mcuYm9dSUKK0/CjtrUwFAxD82/mCWbtLsGjFIad0wIsod4zrTAEQ==}
    engines: {node: '>=0.4'}

ignoredOptionalDependencies:
  - sharp

snapshots:

  '@date-fns/tz@1.5.0': {}

  '@floating-ui/core@1.8.0':
    dependencies:
      '@floating-ui/utils': 0.2.12

  '@floating-ui/dom@1.8.0':
    dependencies:
      '@floating-ui/core': 1.8.0
      '@floating-ui/utils': 0.2.12

  '@floating-ui/react-dom@2.1.9(react-dom@19.3.0(react@19.3.0))(react@19.3.0)':
    dependencies:
      '@floating-ui/dom': 1.8.0
      react: 19.3.0
      react-dom: 19.3.0(react@19.3.0)

  '@floating-ui/react@0.27.19(react-dom@19.3.0(react@19.3.0))(react@19.3.0)':
    dependencies:
      '@floating-ui/react-dom': 2.1.9(react-dom@19.3.0(react@19.3.0))(react@19.3.0)
      '@floating-ui/utils': 0.2.12
      react: 19.3.0
      react-dom: 19.3.0(react@19.3.0)
      tabbable: 6.5.0

  '@floating-ui/utils@0.2.12': {}

  '@navikt/aksel-icons@8.15.0': {}

  '@navikt/ds-css@8.15.0': {}

  '@navikt/ds-react@8.15.0(@types/react@19.3.0)(react-dom@19.3.0(react@19.3.0))(react@19.3.0)':
    dependencies:
      '@floating-ui/react': 0.27.19(react-dom@19.3.0(react@19.3.0))(react@19.3.0)
      '@floating-ui/react-dom': 2.1.9(react-dom@19.3.0(react@19.3.0))(react@19.3.0)
      '@navikt/aksel-icons': 8.15.0
      '@navikt/ds-tokens': 8.16.2
      '@types/react': 19.3.0
      date-fns: 4.4.0
      react: 19.3.0
      react-day-picker: 9.14.0(react@19.3.0)
      react-dom: 19.3.0(react@19.3.0)

  '@navikt/ds-tokens@8.16.2': {}

  '@navikt/oasis@4.1.1':
    dependencies:
      '@navikt/texas': 4.1.4
      '@opentelemetry/api': 1.9.1
      jose: 6.2.12
      prom-client: 15.1.3

  '@navikt/texas@4.1.4': {}

  '@next/env@16.3.8': {}

  '@next/swc-darwin-arm64@16.3.8':
    optional: true

  '@next/swc-darwin-x64@16.3.8':
    optional: true

  '@next/swc-linux-arm64-gnu@16.3.8':
    optional: true

  '@next/swc-linux-arm64-musl@16.3.8':
    optional: true

  '@next/swc-linux-x64-gnu@16.3.8':
    optional: true

  '@next/swc-linux-x64-musl@16.3.8':
    optional: true

  '@next/swc-win32-arm64-msvc@16.3.8':
    optional: true

  '@next/swc-win32-x64-msvc@16.3.8':
    optional: true

  '@opentelemetry/api@1.9.1': {}

  '@slack/logger@5.0.0':
    dependencies:
      '@types/node': 26.6.3

  '@slack/types@3.2.0': {}

  '@slack/web-api@8.2.0':
    dependencies:
      '@slack/logger': 5.0.0
      '@slack/types': 3.2.0
      '@types/node': 26.6.3
      '@types/retry': 0.12.5
      eventemitter3: 5.0.4
      p-queue: 6.6.2
      p-retry: 4.6.2
      retry: 0.13.1

  '@swc/helpers@0.5.23':
    dependencies:
      tslib: 2.8.1

  '@tabby_ai/hijri-converter@1.0.5': {}

  '@types/node@26.6.3':
    dependencies:
      undici-types: 8.9.0

  '@types/pg@8.23.1':
    dependencies:
      '@types/node': 26.6.3
      pg-protocol: 1.16.1
      pg-types: 2.2.0

  '@types/react-dom@19.3.0(@types/react@19.3.0)':
    dependencies:
      '@types/react': 19.3.0

  '@types/react@19.3.0':
    dependencies:
      csstype: 3.2.3

  '@types/retry@0.12.0': {}

  '@types/retry@0.12.5': {}

  baseline-browser-mapping@2.11.26: {}

  bintrees@1.0.2: {}

  caniuse-lite@1.0.30001814: {}

  client-only@0.0.1: {}

  csstype@3.2.3: {}

  date-fns-jalali@4.1.0-0: {}

  date-fns@4.4.0: {}

  eventemitter3@4.0.7: {}

  eventemitter3@5.0.4: {}

  jose@6.2.12: {}

  nanoid@3.3.19: {}

  next@16.3.8(@opentelemetry/api@1.9.1)(react-dom@19.3.0(react@19.3.0))(react@19.3.0):
    dependencies:
      '@next/env': 16.3.8
      '@swc/helpers': 0.5.23
      baseline-browser-mapping: 2.11.26
      caniuse-lite: 1.0.30001814
      postcss: 8.5.23
      react: 19.3.0
      react-dom: 19.3.0(react@19.3.0)
      styled-jsx: 5.1.6(react@19.3.0)
    optionalDependencies:
      '@next/swc-darwin-arm64': 16.3.8
      '@next/swc-darwin-x64': 16.3.8
      '@next/swc-linux-arm64-gnu': 16.3.8
      '@next/swc-linux-arm64-musl': 16.3.8
      '@next/swc-linux-x64-gnu': 16.3.8
      '@next/swc-linux-x64-musl': 16.3.8
      '@next/swc-win32-arm64-msvc': 16.3.8
      '@next/swc-win32-x64-msvc': 16.3.8
      '@opentelemetry/api': 1.9.1
    transitivePeerDependencies:
      - '@babel/core'
      - babel-plugin-macros

  p-finally@1.0.0: {}

  p-queue@6.6.2:
    dependencies:
      eventemitter3: 4.0.7
      p-timeout: 3.2.0

  p-retry@4.6.2:
    dependencies:
      '@types/retry': 0.12.0
      retry: 0.13.1

  p-timeout@3.2.0:
    dependencies:
      p-finally: 1.0.0

  pg-cloudflare@1.4.1:
    optional: true

  pg-connection-string@2.14.1: {}

  pg-int8@1.0.1: {}

  pg-pool@3.14.0(pg@8.23.1):
    dependencies:
      pg: 8.23.1

  pg-protocol@1.16.1: {}

  pg-types@2.2.0:
    dependencies:
      pg-int8: 1.0.1
      postgres-array: 2.0.0
      postgres-bytea: 1.0.1
      postgres-date: 1.0.7
      postgres-interval: 1.2.0

  pg@8.23.1:
    dependencies:
      pg-connection-string: 2.14.1
      pg-pool: 3.14.0(pg@8.23.1)
      pg-protocol: 1.16.1
      pg-types: 2.2.0
      pgpass: 1.0.5
    optionalDependencies:
      pg-cloudflare: 1.4.1

  pgpass@1.0.5:
    dependencies:
      split2: 4.2.0

  picocolors@1.1.1: {}

  postcss@8.5.23:
    dependencies:
      nanoid: 3.3.19
      picocolors: 1.1.1
      source-map-js: 1.2.2

  postgres-array@2.0.0: {}

  postgres-bytea@1.0.1: {}

  postgres-date@1.0.7: {}

  postgres-interval@1.2.0:
    dependencies:
      xtend: 4.0.2

  prom-client@15.1.3:
    dependencies:
      '@opentelemetry/api': 1.9.1
      tdigest: 0.1.3

  react-day-picker@9.14.0(react@19.3.0):
    dependencies:
      '@date-fns/tz': 1.5.0
      '@tabby_ai/hijri-converter': 1.0.5
      date-fns: 4.4.0
      date-fns-jalali: 4.1.0-0
      react: 19.3.0

  react-dom@19.3.0(react@19.3.0):
    dependencies:
      react: 19.3.0
      scheduler: 0.28.0

  react@19.3.0: {}

  retry@0.13.1: {}

  scheduler@0.28.0: {}

  source-map-js@1.2.2: {}

  split2@4.2.0: {}

  styled-jsx@5.1.6(react@19.3.0):
    dependencies:
      client-only: 0.0.1
      react: 19.3.0

  tabbable@6.5.0: {}

  tdigest@0.1.3:
    dependencies:
      bintrees: 1.0.2

  tslib@2.8.1: {}

  typescript@6.0.3: {}

  undici-types@8.9.0: {}

  xtend@4.0.2: {}
